
Microsoft Visual Studio Solution File, Format Version 12.00
# Visual Studio Version 17
VisualStudioVersion = 17.0.32014.148
MinimumVisualStudioVersion = 10.0.40219.1
Project("{8BC9CEB8-8B4A-11D0-8D11-00A0C91BC942}") = "Neural Network Library", "Neural Network Library.vcxproj", "{ACEF3D1C-508F-4A14-8F14-FB6259BC1C58}"
EndProject
Global
	GlobalSection(SolutionConfigurationPlatforms) = preSolution
		Debug|x64 = Debug|x64
		Debug|x86 = Debug|x86
		Release|x64 = Release|x64
		Release|x86 = Release|x86
	EndGlobalSection
	GlobalSection(ProjectConfigurationPlatforms) = postSolution
		{ACEF3D1C-508F-4A14-8F14-FB6259BC1C58}.Debug|x64.ActiveCfg = Debug|x64
		{ACEF3D1C-508F-4A14-8F14-FB6259BC1C58}.Debug|x64.Build.0 = Debug|x64
		{ACEF3D1C-508F-4A14-8F14-FB6259BC1C58}.Debug|x86.ActiveCfg = Debug|Win32
		{ACEF3D1C-508F-4A14-8F14-FB6259BC1C58}.Debug|x86.Build.0 = Debug|Win32
		{ACEF3D1C-508F-4A14-8F14-FB6259BC1C58}.Release|x64.ActiveCfg = Release|x64
		{ACEF3D1C-508F-4A14-8F14-FB6259BC1C58}.Release|x64.Build.0 = Release|x64
		{ACEF3D1C-508F-4A14-8F14-FB6259BC1C58}.Release|x86.ActiveCfg = Release|Win32
		{ACEF3D1C-508F-4A14-8F14-FB6259BC1C58}.Release|x86.Build.0 = Release|Win32
	EndGlobalSection
	GlobalSection(SolutionProperties) = preSolution
		HideSolutionNode = FALSE
	EndGlobalSection
	GlobalSection(ExtensibilityGlobals) = postSolution
		SolutionGuid = {DEE7C5EE-519B-48B4-8237-B2A1DB4B1F08}
	EndGlobalSection
EndGlobal
